
Microsoft Visual Studio Solution File, Format Version 12.00
# Visual Studio 15
Project("{FAE04EC0-301F-11D3-BF4B-00C04F79EFBC}") = "Assembly-CSharp-Editor", "Assembly-CSharp-Editor.csproj", "{D6FCAA85-355F-A3FE-F96F-AE9A5AD8BFD7}"
EndProject
Project("{FAE04EC0-301F-11D3-BF4B-00C04F79EFBC}") = "Assembly-CSharp", "Assembly-CSharp.csproj", "{88AC7E1B-F8BD-570F-30A7-95D8750DCAF2}"
EndProject
Global
	GlobalSection(SolutionConfigurationPlatforms) = preSolution
		Debug|Any CPU = Debug|Any CPU
		Release|Any CPU = Release|Any CPU
	EndGlobalSection
	GlobalSection(ProjectConfigurationPlatforms) = postSolution
		{D6FCAA85-355F-A3FE-F96F-AE9A5AD8BFD7}.Debug|Any CPU.ActiveCfg = Debug|Any CPU
		{D6FCAA85-355F-A3FE-F96F-AE9A5AD8BFD7}.Debug|Any CPU.Build.0 = Debug|Any CPU
		{D6FCAA85-355F-A3FE-F96F-AE9A5AD8BFD7}.Release|Any CPU.ActiveCfg = Release|Any CPU
		{D6FCAA85-355F-A3FE-F96F-AE9A5AD8BFD7}.Release|Any CPU.Build.0 = Release|Any CPU
		{88AC7E1B-F8BD-570F-30A7-95D8750DCAF2}.Debug|Any CPU.ActiveCfg = Debug|Any CPU
		{88AC7E1B-F8BD-570F-30A7-95D8750DCAF2}.Debug|Any CPU.Build.0 = Debug|Any CPU
		{88AC7E1B-F8BD-570F-30A7-95D8750DCAF2}.Release|Any CPU.ActiveCfg = Release|Any CPU
		{88AC7E1B-F8BD-570F-30A7-95D8750DCAF2}.Release|Any CPU.Build.0 = Release|Any CPU
	EndGlobalSection
	GlobalSection(SolutionProperties) = preSolution
		HideSolutionNode = FALSE
	EndGlobalSection
EndGlobal
